{
  "name": "@radar/redshift-types",
  "version": "0.5.6",
  "lockfileVersion": 1,
  "requires": true,
  "dependencies": {
    "@types/bip32": {
      "version": "1.0.2",
      "resolved": "https://registry.npmjs.org/@types/bip32/-/bip32-1.0.2.tgz",
      "integrity": "sha512-gqkz3Jq2OA3s5QOHe7de9tUzW7Xjoct6ImCbt0KQnF0ParqDSvLo5Fu+mKQykFF1fgIcdzEmm0CO6HN+xG2SAA==",
      "requires": {
        "@types/node": "*"
      }
    },
    "@types/bitcoinjs-lib": {
      "version": "4.0.0",
      "resolved": "https://registry.npmjs.org/@types/bitcoinjs-lib/-/bitcoinjs-lib-4.0.0.tgz",
      "integrity": "sha512-rPrVR0vtIhD4AmnhuLWLuztN48iOQQ3CyOUP1WwFq2Lsyc89l4VHpu9nmdy+1WxWR86XY4tEai07yKeMEzfTjg==",
      "requires": {
        "@types/node": "*"
      }
    },
    "@types/bn.js": {
      "version": "4.11.5",
      "resolved": "https://registry.npmjs.org/@types/bn.js/-/bn.js-4.11.5.tgz",
      "integrity": "sha512-AEAZcIZga0JgVMHNtl1CprA/hXX7/wPt79AgR4XqaDt7jyj3QWYw6LPoOiznPtugDmlubUnAahMs2PFxGcQrng==",
      "requires": {
        "@types/node": "*"
      }
    },
    "@types/node": {
      "version": "12.7.5",
      "resolved": "https://registry.npmjs.org/@types/node/-/node-12.7.5.tgz",
      "integrity": "sha512-9fq4jZVhPNW8r+UYKnxF1e2HkDWOWKM5bC2/7c9wPV835I0aOrVbS/Hw/pWPk2uKrNXQqg9Z959Kz+IYDd5p3w=="
    },
    "@types/underscore": {
      "version": "1.9.3",
      "resolved": "https://registry.npmjs.org/@types/underscore/-/underscore-1.9.3.tgz",
      "integrity": "sha512-SwbHKB2DPIDlvYqtK5O+0LFtZAyrUSw4c0q+HWwmH1Ve3KMQ0/5PlV3RX97+3dP7yMrnNQ8/bCWWvQpPl03Mug=="
    },
    "@types/web3": {
      "version": "1.0.19",
      "resolved": "https://registry.npmjs.org/@types/web3/-/web3-1.0.19.tgz",
      "integrity": "sha512-fhZ9DyvDYDwHZUp5/STa9XW2re0E8GxoioYJ4pEUZ13YHpApSagixj7IAdoYH5uAK+UalGq6Ml8LYzmgRA/q+A==",
      "requires": {
        "@types/bn.js": "*",
        "@types/underscore": "*"
      }
    }
  }
}
